
Microsoft Visual Studio Solution File, Format Version 12.00
# Visual Studio 15
VisualStudioVersion = 15.0.26124.0
MinimumVisualStudioVersion = 15.0.26124.0
Project("{FAE04EC0-301F-11D3-BF4B-00C04F79EFBC}") = "FNGenerator", "FNGenerator\FNGenerator.csproj", "{FDA9355C-C015-4B90-A192-0871B3889E54}"
EndProject
Project("{FAE04EC0-301F-11D3-BF4B-00C04F79EFBC}") = "FNGenerator.Tests", "FNGenerator.Tests\FNGenerator.Tests.csproj", "{33458800-F910-4E8D-B06C-F3CEFF67592D}"
EndProject
Project("{FAE04EC0-301F-11D3-BF4B-00C04F79EFBC}") = "FSM", "FSM\FSM.csproj", "{F3441BD7-E2DD-4D31-BAC4-F399E922ECAB}"
EndProject
Global
	GlobalSection(SolutionConfigurationPlatforms) = preSolution
		Debug|Any CPU = Debug|Any CPU
		Debug|x64 = Debug|x64
		Debug|x86 = Debug|x86
		Release|Any CPU = Release|Any CPU
		Release|x64 = Release|x64
		Release|x86 = Release|x86
	EndGlobalSection
	GlobalSection(SolutionProperties) = preSolution
		HideSolutionNode = FALSE
	EndGlobalSection
	GlobalSection(ProjectConfigurationPlatforms) = postSolution
		{FDA9355C-C015-4B90-A192-0871B3889E54}.Debug|Any CPU.ActiveCfg = Debug|Any CPU
		{FDA9355C-C015-4B90-A192-0871B3889E54}.Debug|Any CPU.Build.0 = Debug|Any CPU
		{FDA9355C-C015-4B90-A192-0871B3889E54}.Debug|x64.ActiveCfg = Debug|Any CPU
		{FDA9355C-C015-4B90-A192-0871B3889E54}.Debug|x64.Build.0 = Debug|Any CPU
		{FDA9355C-C015-4B90-A192-0871B3889E54}.Debug|x86.ActiveCfg = Debug|Any CPU
		{FDA9355C-C015-4B90-A192-0871B3889E54}.Debug|x86.Build.0 = Debug|Any CPU
		{FDA9355C-C015-4B90-A192-0871B3889E54}.Release|Any CPU.ActiveCfg = Release|Any CPU
		{FDA9355C-C015-4B90-A192-0871B3889E54}.Release|Any CPU.Build.0 = Release|Any CPU
		{FDA9355C-C015-4B90-A192-0871B3889E54}.Release|x64.ActiveCfg = Release|Any CPU
		{FDA9355C-C015-4B90-A192-0871B3889E54}.Release|x64.Build.0 = Release|Any CPU
		{FDA9355C-C015-4B90-A192-0871B3889E54}.Release|x86.ActiveCfg = Release|Any CPU
		{FDA9355C-C015-4B90-A192-0871B3889E54}.Release|x86.Build.0 = Release|Any CPU
		{33458800-F910-4E8D-B06C-F3CEFF67592D}.Debug|Any CPU.ActiveCfg = Debug|Any CPU
		{33458800-F910-4E8D-B06C-F3CEFF67592D}.Debug|Any CPU.Build.0 = Debug|Any CPU
		{33458800-F910-4E8D-B06C-F3CEFF67592D}.Debug|x64.ActiveCfg = Debug|Any CPU
		{33458800-F910-4E8D-B06C-F3CEFF67592D}.Debug|x64.Build.0 = Debug|Any CPU
		{33458800-F910-4E8D-B06C-F3CEFF67592D}.Debug|x86.ActiveCfg = Debug|Any CPU
		{33458800-F910-4E8D-B06C-F3CEFF67592D}.Debug|x86.Build.0 = Debug|Any CPU
		{33458800-F910-4E8D-B06C-F3CEFF67592D}.Release|Any CPU.ActiveCfg = Release|Any CPU
		{33458800-F910-4E8D-B06C-F3CEFF67592D}.Release|Any CPU.Build.0 = Release|Any CPU
		{33458800-F910-4E8D-B06C-F3CEFF67592D}.Release|x64.ActiveCfg = Release|Any CPU
		{33458800-F910-4E8D-B06C-F3CEFF67592D}.Release|x64.Build.0 = Release|Any CPU
		{33458800-F910-4E8D-B06C-F3CEFF67592D}.Release|x86.ActiveCfg = Release|Any CPU
		{33458800-F910-4E8D-B06C-F3CEFF67592D}.Release|x86.Build.0 = Release|Any CPU
		{F3441BD7-E2DD-4D31-BAC4-F399E922ECAB}.Debug|Any CPU.ActiveCfg = Debug|Any CPU
		{F3441BD7-E2DD-4D31-BAC4-F399E922ECAB}.Debug|Any CPU.Build.0 = Debug|Any CPU
		{F3441BD7-E2DD-4D31-BAC4-F399E922ECAB}.Debug|x64.ActiveCfg = Debug|Any CPU
		{F3441BD7-E2DD-4D31-BAC4-F399E922ECAB}.Debug|x64.Build.0 = Debug|Any CPU
		{F3441BD7-E2DD-4D31-BAC4-F399E922ECAB}.Debug|x86.ActiveCfg = Debug|Any CPU
		{F3441BD7-E2DD-4D31-BAC4-F399E922ECAB}.Debug|x86.Build.0 = Debug|Any CPU
		{F3441BD7-E2DD-4D31-BAC4-F399E922ECAB}.Release|Any CPU.ActiveCfg = Release|Any CPU
		{F3441BD7-E2DD-4D31-BAC4-F399E922ECAB}.Release|Any CPU.Build.0 = Release|Any CPU
		{F3441BD7-E2DD-4D31-BAC4-F399E922ECAB}.Release|x64.ActiveCfg = Release|Any CPU
		{F3441BD7-E2DD-4D31-BAC4-F399E922ECAB}.Release|x64.Build.0 = Release|Any CPU
		{F3441BD7-E2DD-4D31-BAC4-F399E922ECAB}.Release|x86.ActiveCfg = Release|Any CPU
		{F3441BD7-E2DD-4D31-BAC4-F399E922ECAB}.Release|x86.Build.0 = Release|Any CPU
	EndGlobalSection
EndGlobal
